// !$*UTF8*$!
{
	archiveVersion = 1;
	classes = {
	};
	objectVersion = 56;
	objects = {

/* Begin PBXBuildFile section */
		76185BF92A5863AC00DD29A7 /* ScrumsView.swift in Sources */ = {isa = PBXBuildFile; fileRef = 76185BF82A5863AC00DD29A7 /* ScrumsView.swift */; };
		76185BFB2A58719100DD29A7 /* DetailView.swift in Sources */ = {isa = PBXBuildFile; fileRef = 76185BFA2A58719100DD29A7 /* DetailView.swift */; };
		76185BFD2A58FB9200DD29A7 /* DetailEditView.swift in Sources */ = {isa = PBXBuildFile; fileRef = 76185BFC2A58FB9200DD29A7 /* DetailEditView.swift */; };
		76185BFF2A5990F000DD29A7 /* ThemeView.swift in Sources */ = {isa = PBXBuildFile; fileRef = 76185BFE2A5990F000DD29A7 /* ThemeView.swift */; };
		76185C012A5991BF00DD29A7 /* ThemePicker.swift in Sources */ = {isa = PBXBuildFile; fileRef = 76185C002A5991BF00DD29A7 /* ThemePicker.swift */; };
		76185C032A59AAEC00DD29A7 /* MeetingHeaderView.swift in Sources */ = {isa = PBXBuildFile; fileRef = 76185C022A59AAEC00DD29A7 /* MeetingHeaderView.swift */; };
		76185C072A59B0A400DD29A7 /* ScrumTimer.swift in Sources */ = {isa = PBXBuildFile; fileRef = 76185C062A59B0A400DD29A7 /* ScrumTimer.swift */; };
		76185C092A59B19500DD29A7 /* ScrumProgressViewStyle.swift in Sources */ = {isa = PBXBuildFile; fileRef = 76185C082A59B19500DD29A7 /* ScrumProgressViewStyle.swift */; };
		76185C0C2A59B6D500DD29A7 /* MeetingFooterView.swift in Sources */ = {isa = PBXBuildFile; fileRef = 76185C0B2A59B6D500DD29A7 /* MeetingFooterView.swift */; };
		76185C0E2A59BA0600DD29A7 /* AVPlayer+Ding.swift in Sources */ = {isa = PBXBuildFile; fileRef = 76185C0D2A59BA0600DD29A7 /* AVPlayer+Ding.swift */; };
		76185C102A59C06100DD29A7 /* NewScrumSheet.swift in Sources */ = {isa = PBXBuildFile; fileRef = 76185C0F2A59C06100DD29A7 /* NewScrumSheet.swift */; };
		76185C122A59C25400DD29A7 /* History.swift in Sources */ = {isa = PBXBuildFile; fileRef = 76185C112A59C25400DD29A7 /* History.swift */; };
		76185C142A59CCAE00DD29A7 /* ScrumStore.swift in Sources */ = {isa = PBXBuildFile; fileRef = 76185C132A59CCAE00DD29A7 /* ScrumStore.swift */; };
		76185C162A5AB8EE00DD29A7 /* ErrorWrapper.swift in Sources */ = {isa = PBXBuildFile; fileRef = 76185C152A5AB8EE00DD29A7 /* ErrorWrapper.swift */; };
		76185C182A5AB95C00DD29A7 /* ErrorView.swift in Sources */ = {isa = PBXBuildFile; fileRef = 76185C172A5AB95B00DD29A7 /* ErrorView.swift */; };
		76185C1A2A5ACC2100DD29A7 /* MeetingTimerView.swift in Sources */ = {isa = PBXBuildFile; fileRef = 76185C192A5ACC2100DD29A7 /* MeetingTimerView.swift */; };
		76185C1C2A5AD98400DD29A7 /* SpeakerArc.swift in Sources */ = {isa = PBXBuildFile; fileRef = 76185C1B2A5AD98400DD29A7 /* SpeakerArc.swift */; };
		76185C1E2A5AE1A200DD29A7 /* SpeechRecognizer.swift in Sources */ = {isa = PBXBuildFile; fileRef = 76185C1D2A5AE1A200DD29A7 /* SpeechRecognizer.swift */; };
		76185C202A5AE47D00DD29A7 /* HistoryView.swift in Sources */ = {isa = PBXBuildFile; fileRef = 76185C1F2A5AE47D00DD29A7 /* HistoryView.swift */; };
		76185C222A5AE98B00DD29A7 /* Assets.xcassets in Resources */ = {isa = PBXBuildFile; fileRef = 76185C212A5AE98B00DD29A7 /* Assets.xcassets */; };
		761F24492A584F39006EA2C8 /* Theme.swift in Sources */ = {isa = PBXBuildFile; fileRef = 761F24482A584F39006EA2C8 /* Theme.swift */; };
		761F244B2A584F7C006EA2C8 /* DailyScrum.swift in Sources */ = {isa = PBXBuildFile; fileRef = 761F244A2A584F7C006EA2C8 /* DailyScrum.swift */; };
		761F244F2A5855F6006EA2C8 /* TrailingIconLabelStyle.swift in Sources */ = {isa = PBXBuildFile; fileRef = 761F244E2A5855F6006EA2C8 /* TrailingIconLabelStyle.swift */; };
		761F24522A585AF6006EA2C8 /* CardView.swift in Sources */ = {isa = PBXBuildFile; fileRef = 761F244C2A585209006EA2C8 /* CardView.swift */; };
		769FC4942A58103F0004A355 /* ScrumdingerApp.swift in Sources */ = {isa = PBXBuildFile; fileRef = 769FC4932A58103F0004A355 /* ScrumdingerApp.swift */; };
		769FC4962A58103F0004A355 /* MeetingView.swift in Sources */ = {isa = PBXBuildFile; fileRef = 769FC4952A58103F0004A355 /* MeetingView.swift */; };
		769FC49C2A5810410004A355 /* Preview Assets.xcassets in Resources */ = {isa = PBXBuildFile; fileRef = 769FC49B2A5810410004A355 /* Preview Assets.xcassets */; };
/* End PBXBuildFile section */

/* Begin PBXFileReference section */
		76185BF82A5863AC00DD29A7 /* ScrumsView.swift */ = {isa = PBXFileReference; lastKnownFileType = sourcecode.swift; path = ScrumsView.swift; sourceTree = "<group>"; };
		76185BFA2A58719100DD29A7 /* DetailView.swift */ = {isa = PBXFileReference; lastKnownFileType = sourcecode.swift; path = DetailView.swift; sourceTree = "<group>"; };
		76185BFC2A58FB9200DD29A7 /* DetailEditView.swift */ = {isa = PBXFileReference; lastKnownFileType = sourcecode.swift; path = DetailEditView.swift; sourceTree = "<group>"; };
		76185BFE2A5990F000DD29A7 /* ThemeView.swift */ = {isa = PBXFileReference; lastKnownFileType = sourcecode.swift; path = ThemeView.swift; sourceTree = "<group>"; };
		76185C002A5991BF00DD29A7 /* ThemePicker.swift */ = {isa = PBXFileReference; lastKnownFileType = sourcecode.swift; path = ThemePicker.swift; sourceTree = "<group>"; };
		76185C022A59AAEC00DD29A7 /* MeetingHeaderView.swift */ = {isa = PBXFileReference; lastKnownFileType = sourcecode.swift; path = MeetingHeaderView.swift; sourceTree = "<group>"; };
		76185C062A59B0A400DD29A7 /* ScrumTimer.swift */ = {isa = PBXFileReference; lastKnownFileType = sourcecode.swift; path = ScrumTimer.swift; sourceTree = "<group>"; };
		76185C082A59B19500DD29A7 /* ScrumProgressViewStyle.swift */ = {isa = PBXFileReference; lastKnownFileType = sourcecode.swift; path = ScrumProgressViewStyle.swift; sourceTree = "<group>"; };
		76185C0B2A59B6D500DD29A7 /* MeetingFooterView.swift */ = {isa = PBXFileReference; lastKnownFileType = sourcecode.swift; path = MeetingFooterView.swift; sourceTree = "<group>"; };
		76185C0D2A59BA0600DD29A7 /* AVPlayer+Ding.swift */ = {isa = PBXFileReference; lastKnownFileType = sourcecode.swift; path = "AVPlayer+Ding.swift"; sourceTree = "<group>"; };
		76185C0F2A59C06100DD29A7 /* NewScrumSheet.swift */ = {isa = PBXFileReference; lastKnownFileType = sourcecode.swift; path = NewScrumSheet.swift; sourceTree = "<group>"; };
		76185C112A59C25400DD29A7 /* History.swift */ = {isa = PBXFileReference; lastKnownFileType = sourcecode.swift; path = History.swift; sourceTree = "<group>"; };
		76185C132A59CCAE00DD29A7 /* ScrumStore.swift */ = {isa = PBXFileReference; lastKnownFileType = sourcecode.swift; path = ScrumStore.swift; sourceTree = "<group>"; };
		76185C152A5AB8EE00DD29A7 /* ErrorWrapper.swift */ = {isa = PBXFileReference; lastKnownFileType = sourcecode.swift; path = ErrorWrapper.swift; sourceTree = "<group>"; };
		76185C172A5AB95B00DD29A7 /* ErrorView.swift */ = {isa = PBXFileReference; lastKnownFileType = sourcecode.swift; path = ErrorView.swift; sourceTree = "<group>"; };
		76185C192A5ACC2100DD29A7 /* MeetingTimerView.swift */ = {isa = PBXFileReference; lastKnownFileType = sourcecode.swift; path = MeetingTimerView.swift; sourceTree = "<group>"; };
		76185C1B2A5AD98400DD29A7 /* SpeakerArc.swift */ = {isa = PBXFileReference; lastKnownFileType = sourcecode.swift; path = SpeakerArc.swift; sourceTree = "<group>"; };
		76185C1D2A5AE1A200DD29A7 /* SpeechRecognizer.swift */ = {isa = PBXFileReference; fileEncoding = 4; lastKnownFileType = sourcecode.swift; path = SpeechRecognizer.swift; sourceTree = "<group>"; };
		76185C1F2A5AE47D00DD29A7 /* HistoryView.swift */ = {isa = PBXFileReference; lastKnownFileType = sourcecode.swift; path = HistoryView.swift; sourceTree = "<group>"; };
		76185C212A5AE98B00DD29A7 /* Assets.xcassets */ = {isa = PBXFileReference; lastKnownFileType = folder.assetcatalog; name = Assets.xcassets; path = ../../../Downloads/TranscribingSpeechToText/StartingProject/Scrumdinger/Assets.xcassets; sourceTree = "<group>"; };
		761F24482A584F39006EA2C8 /* Theme.swift */ = {isa = PBXFileReference; lastKnownFileType = sourcecode.swift; path = Theme.swift; sourceTree = "<group>"; };
		761F244A2A584F7C006EA2C8 /* DailyScrum.swift */ = {isa = PBXFileReference; lastKnownFileType = sourcecode.swift; path = DailyScrum.swift; sourceTree = "<group>"; };
		761F244C2A585209006EA2C8 /* CardView.swift */ = {isa = PBXFileReference; lastKnownFileType = sourcecode.swift; path = CardView.swift; sourceTree = "<group>"; };
		761F244E2A5855F6006EA2C8 /* TrailingIconLabelStyle.swift */ = {isa = PBXFileReference; lastKnownFileType = sourcecode.swift; path = TrailingIconLabelStyle.swift; sourceTree = "<group>"; };
		769FC4902A58103F0004A355 /* Scrumdinger.app */ = {isa = PBXFileReference; explicitFileType = wrapper.application; includeInIndex = 0; path = Scrumdinger.app; sourceTree = BUILT_PRODUCTS_DIR; };
		769FC4932A58103F0004A355 /* ScrumdingerApp.swift */ = {isa = PBXFileReference; lastKnownFileType = sourcecode.swift; path = ScrumdingerApp.swift; sourceTree = "<group>"; };
		769FC4952A58103F0004A355 /* MeetingView.swift */ = {isa = PBXFileReference; lastKnownFileType = sourcecode.swift; path = MeetingView.swift; sourceTree = "<group>"; };
		769FC4992A5810410004A355 /* Scrumdinger.entitlements */ = {isa = PBXFileReference; lastKnownFileType = text.plist.entitlements; path = Scrumdinger.entitlements; sourceTree = "<group>"; };
		769FC49B2A5810410004A355 /* Preview Assets.xcassets */ = {isa = PBXFileReference; lastKnownFileType = folder.assetcatalog; path = "Preview Assets.xcassets"; sourceTree = "<group>"; };
/* End PBXFileReference section */

/* Begin PBXFrameworksBuildPhase section */
		769FC48D2A58103F0004A355 /* Frameworks */ = {
			isa = PBXFrameworksBuildPhase;
			buildActionMask = 2147483647;
			files = (
			);
			runOnlyForDeploymentPostprocessing = 0;
		};
/* End PBXFrameworksBuildPhase section */

/* Begin PBXGroup section */
		761F24472A584F24006EA2C8 /* Models */ = {
			isa = PBXGroup;
			children = (
				76185C1D2A5AE1A200DD29A7 /* SpeechRecognizer.swift */,
				761F24482A584F39006EA2C8 /* Theme.swift */,
				761F244A2A584F7C006EA2C8 /* DailyScrum.swift */,
				76185C062A59B0A400DD29A7 /* ScrumTimer.swift */,
				76185C0D2A59BA0600DD29A7 /* AVPlayer+Ding.swift */,
				76185C112A59C25400DD29A7 /* History.swift */,
				76185C132A59CCAE00DD29A7 /* ScrumStore.swift */,
				76185C152A5AB8EE00DD29A7 /* ErrorWrapper.swift */,
			);
			path = Models;
			sourceTree = "<group>";
		};
		769FC4872A58103F0004A355 = {
			isa = PBXGroup;
			children = (
				769FC4922A58103F0004A355 /* Scrumdinger */,
				769FC4912A58103F0004A355 /* Products */,
			);
			sourceTree = "<group>";
		};
		769FC4912A58103F0004A355 /* Products */ = {
			isa = PBXGroup;
			children = (
				769FC4902A58103F0004A355 /* Scrumdinger.app */,
			);
			name = Products;
			sourceTree = "<group>";
		};
		769FC4922A58103F0004A355 /* Scrumdinger */ = {
			isa = PBXGroup;
			children = (
				761F244C2A585209006EA2C8 /* CardView.swift */,
				76185BF82A5863AC00DD29A7 /* ScrumsView.swift */,
				76185BFA2A58719100DD29A7 /* DetailView.swift */,
				76185BFC2A58FB9200DD29A7 /* DetailEditView.swift */,
				76185BFE2A5990F000DD29A7 /* ThemeView.swift */,
				76185C002A5991BF00DD29A7 /* ThemePicker.swift */,
				76185C022A59AAEC00DD29A7 /* MeetingHeaderView.swift */,
				76185C082A59B19500DD29A7 /* ScrumProgressViewStyle.swift */,
				761F244E2A5855F6006EA2C8 /* TrailingIconLabelStyle.swift */,
				76185C212A5AE98B00DD29A7 /* Assets.xcassets */,
				761F24472A584F24006EA2C8 /* Models */,
				769FC4932A58103F0004A355 /* ScrumdingerApp.swift */,
				769FC4952A58103F0004A355 /* MeetingView.swift */,
				769FC4992A5810410004A355 /* Scrumdinger.entitlements */,
				769FC49A2A5810410004A355 /* Preview Content */,
				76185C0B2A59B6D500DD29A7 /* MeetingFooterView.swift */,
				76185C0F2A59C06100DD29A7 /* NewScrumSheet.swift */,
				76185C172A5AB95B00DD29A7 /* ErrorView.swift */,
				76185C192A5ACC2100DD29A7 /* MeetingTimerView.swift */,
				76185C1B2A5AD98400DD29A7 /* SpeakerArc.swift */,
				76185C1F2A5AE47D00DD29A7 /* HistoryView.swift */,
			);
			path = Scrumdinger;
			sourceTree = "<group>";
		};
		769FC49A2A5810410004A355 /* Preview Content */ = {
			isa = PBXGroup;
			children = (
				769FC49B2A5810410004A355 /* Preview Assets.xcassets */,
			);
			path = "Preview Content";
			sourceTree = "<group>";
		};
/* End PBXGroup section */

/* Begin PBXNativeTarget section */
		769FC48F2A58103F0004A355 /* Scrumdinger */ = {
			isa = PBXNativeTarget;
			buildConfigurationList = 769FC49F2A5810410004A355 /* Build configuration list for PBXNativeTarget "Scrumdinger" */;
			buildPhases = (
				769FC48C2A58103F0004A355 /* Sources */,
				769FC48D2A58103F0004A355 /* Frameworks */,
				769FC48E2A58103F0004A355 /* Resources */,
			);
			buildRules = (
			);
			dependencies = (
			);
			name = Scrumdinger;
			productName = Scrumdinger;
			productReference = 769FC4902A58103F0004A355 /* Scrumdinger.app */;
			productType = "com.apple.product-type.application";
		};
/* End PBXNativeTarget section */

/* Begin PBXProject section */
		769FC4882A58103F0004A355 /* Project object */ = {
			isa = PBXProject;
			attributes = {
				BuildIndependentTargetsInParallel = 1;
				LastSwiftUpdateCheck = 1430;
				LastUpgradeCheck = 1430;
				TargetAttributes = {
					769FC48F2A58103F0004A355 = {
						CreatedOnToolsVersion = 14.3.1;
					};
				};
			};
			buildConfigurationList = 769FC48B2A58103F0004A355 /* Build configuration list for PBXProject "Scrumdinger" */;
			compatibilityVersion = "Xcode 14.0";
			developmentRegion = en;
			hasScannedForEncodings = 0;
			knownRegions = (
				en,
				Base,
			);
			mainGroup = 769FC4872A58103F0004A355;
			productRefGroup = 769FC4912A58103F0004A355 /* Products */;
			projectDirPath = "";
			projectRoot = "";
			targets = (
				769FC48F2A58103F0004A355 /* Scrumdinger */,
			);
		};
/* End PBXProject section */

/* Begin PBXResourcesBuildPhase section */
		769FC48E2A58103F0004A355 /* Resources */ = {
			isa = PBXResourcesBuildPhase;
			buildActionMask = 2147483647;
			files = (
				769FC49C2A5810410004A355 /* Preview Assets.xcassets in Resources */,
				76185C222A5AE98B00DD29A7 /* Assets.xcassets in Resources */,
			);
			runOnlyForDeploymentPostprocessing = 0;
		};
/* End PBXResourcesBuildPhase section */

/* Begin PBXSourcesBuildPhase section */
		769FC48C2A58103F0004A355 /* Sources */ = {
			isa = PBXSourcesBuildPhase;
			buildActionMask = 2147483647;
			files = (
				76185C122A59C25400DD29A7 /* History.swift in Sources */,
				76185C012A5991BF00DD29A7 /* ThemePicker.swift in Sources */,
				761F244B2A584F7C006EA2C8 /* DailyScrum.swift in Sources */,
				76185C0C2A59B6D500DD29A7 /* MeetingFooterView.swift in Sources */,
				76185C1C2A5AD98400DD29A7 /* SpeakerArc.swift in Sources */,
				76185C182A5AB95C00DD29A7 /* ErrorView.swift in Sources */,
				76185C092A59B19500DD29A7 /* ScrumProgressViewStyle.swift in Sources */,
				76185C202A5AE47D00DD29A7 /* HistoryView.swift in Sources */,
				76185C1A2A5ACC2100DD29A7 /* MeetingTimerView.swift in Sources */,
				76185BFB2A58719100DD29A7 /* DetailView.swift in Sources */,
				76185C142A59CCAE00DD29A7 /* ScrumStore.swift in Sources */,
				76185C032A59AAEC00DD29A7 /* MeetingHeaderView.swift in Sources */,
				76185C162A5AB8EE00DD29A7 /* ErrorWrapper.swift in Sources */,
				76185BFD2A58FB9200DD29A7 /* DetailEditView.swift in Sources */,
				761F244F2A5855F6006EA2C8 /* TrailingIconLabelStyle.swift in Sources */,
				76185C102A59C06100DD29A7 /* NewScrumSheet.swift in Sources */,
				761F24492A584F39006EA2C8 /* Theme.swift in Sources */,
				76185BF92A5863AC00DD29A7 /* ScrumsView.swift in Sources */,
				76185C1E2A5AE1A200DD29A7 /* SpeechRecognizer.swift in Sources */,
				769FC4962A58103F0004A355 /* MeetingView.swift in Sources */,
				761F24522A585AF6006EA2C8 /* CardView.swift in Sources */,
				76185BFF2A5990F000DD29A7 /* ThemeView.swift in Sources */,
				769FC4942A58103F0004A355 /* ScrumdingerApp.swift in Sources */,
				76185C072A59B0A400DD29A7 /* ScrumTimer.swift in Sources */,
				76185C0E2A59BA0600DD29A7 /* AVPlayer+Ding.swift in Sources */,
			);
			runOnlyForDeploymentPostprocessing = 0;
		};
/* End PBXSourcesBuildPhase section */

/* Begin XCBuildConfiguration section */
		769FC49D2A5810410004A355 /* Debug */ = {
			isa = XCBuildConfiguration;
			buildSettings = {
				ALWAYS_SEARCH_USER_PATHS = NO;
				CLANG_ANALYZER_NONNULL = YES;
				CLANG_ANALYZER_NUMBER_OBJECT_CONVERSION = YES_AGGRESSIVE;
				CLANG_CXX_LANGUAGE_STANDARD = "gnu++20";
				CLANG_ENABLE_MODULES = YES;
				CLANG_ENABLE_OBJC_ARC = YES;
				CLANG_ENABLE_OBJC_WEAK = YES;
				CLANG_WARN_BLOCK_CAPTURE_AUTORELEASING = YES;
				CLANG_WARN_BOOL_CONVERSION = YES;
				CLANG_WARN_COMMA = YES;
				CLANG_WARN_CONSTANT_CONVERSION = YES;
				CLANG_WARN_DEPRECATED_OBJC_IMPLEMENTATIONS = YES;
				CLANG_WARN_DIRECT_OBJC_ISA_USAGE = YES_ERROR;
				CLANG_WARN_DOCUMENTATION_COMMENTS = YES;
				CLANG_WARN_EMPTY_BODY = YES;
				CLANG_WARN_ENUM_CONVERSION = YES;
				CLANG_WARN_INFINITE_RECURSION = YES;
				CLANG_WARN_INT_CONVERSION = YES;
				CLANG_WARN_NON_LITERAL_NULL_CONVERSION = YES;
				CLANG_WARN_OBJC_IMPLICIT_RETAIN_SELF = YES;
				CLANG_WARN_OBJC_LITERAL_CONVERSION = YES;
				CLANG_WARN_OBJC_ROOT_CLASS = YES_ERROR;
				CLANG_WARN_QUOTED_INCLUDE_IN_FRAMEWORK_HEADER = YES;
				CLANG_WARN_RANGE_LOOP_ANALYSIS = YES;
				CLANG_WARN_STRICT_PROTOTYPES = YES;
				CLANG_WARN_SUSPICIOUS_MOVE = YES;
				CLANG_WARN_UNGUARDED_AVAILABILITY = YES_AGGRESSIVE;
				CLANG_WARN_UNREACHABLE_CODE = YES;
				CLANG_WARN__DUPLICATE_METHOD_MATCH = YES;
				COPY_PHASE_STRIP = NO;
				DEBUG_INFORMATION_FORMAT = dwarf;
				ENABLE_STRICT_OBJC_MSGSEND = YES;
				ENABLE_TESTABILITY = YES;
				GCC_C_LANGUAGE_STANDARD = gnu11;
				GCC_DYNAMIC_NO_PIC = NO;
				GCC_NO_COMMON_BLOCKS = YES;
				GCC_OPTIMIZATION_LEVEL = 0;
				GCC_PREPROCESSOR_DEFINITIONS = (
					"DEBUG=1",
					"$(inherited)",
				);
				GCC_WARN_64_TO_32_BIT_CONVERSION = YES;
				GCC_WARN_ABOUT_RETURN_TYPE = YES_ERROR;
				GCC_WARN_UNDECLARED_SELECTOR = YES;
				GCC_WARN_UNINITIALIZED_AUTOS = YES_AGGRESSIVE;
				GCC_WARN_UNUSED_FUNCTION = YES;
				GCC_WARN_UNUSED_VARIABLE = YES;
				MTL_ENABLE_DEBUG_INFO = INCLUDE_SOURCE;
				MTL_FAST_MATH = YES;
				ONLY_ACTIVE_ARCH = YES;
				SWIFT_ACTIVE_COMPILATION_CONDITIONS = DEBUG;
				SWIFT_OPTIMIZATION_LEVEL = "-Onone";
			};
			name = Debug;
		};
		769FC49E2A5810410004A355 /* Release */ = {
			isa = XCBuildConfiguration;
			buildSettings = {
				ALWAYS_SEARCH_USER_PATHS = NO;
				CLANG_ANALYZER_NONNULL = YES;
				CLANG_ANALYZER_NUMBER_OBJECT_CONVERSION = YES_AGGRESSIVE;
				CLANG_CXX_LANGUAGE_STANDARD = "gnu++20";
				CLANG_ENABLE_MODULES = YES;
				CLANG_ENABLE_OBJC_ARC = YES;
				CLANG_ENABLE_OBJC_WEAK = YES;
				CLANG_WARN_BLOCK_CAPTURE_AUTORELEASING = YES;
				CLANG_WARN_BOOL_CONVERSION = YES;
				CLANG_WARN_COMMA = YES;
				CLANG_WARN_CONSTANT_CONVERSION = YES;
				CLANG_WARN_DEPRECATED_OBJC_IMPLEMENTATIONS = YES;
				CLANG_WARN_DIRECT_OBJC_ISA_USAGE = YES_ERROR;
				CLANG_WARN_DOCUMENTATION_COMMENTS = YES;
				CLANG_WARN_EMPTY_BODY = YES;
				CLANG_WARN_ENUM_CONVERSION = YES;
				CLANG_WARN_INFINITE_RECURSION = YES;
				CLANG_WARN_INT_CONVERSION = YES;
				CLANG_WARN_NON_LITERAL_NULL_CONVERSION = YES;
				CLANG_WARN_OBJC_IMPLICIT_RETAIN_SELF = YES;
				CLANG_WARN_OBJC_LITERAL_CONVERSION = YES;
				CLANG_WARN_OBJC_ROOT_CLASS = YES_ERROR;
				CLANG_WARN_QUOTED_INCLUDE_IN_FRAMEWORK_HEADER = YES;
				CLANG_WARN_RANGE_LOOP_ANALYSIS = YES;
				CLANG_WARN_STRICT_PROTOTYPES = YES;
				CLANG_WARN_SUSPICIOUS_MOVE = YES;
				CLANG_WARN_UNGUARDED_AVAILABILITY = YES_AGGRESSIVE;
				CLANG_WARN_UNREACHABLE_CODE = YES;
				CLANG_WARN__DUPLICATE_METHOD_MATCH = YES;
				COPY_PHASE_STRIP = NO;
				DEBUG_INFORMATION_FORMAT = "dwarf-with-dsym";
				ENABLE_NS_ASSERTIONS = NO;
				ENABLE_STRICT_OBJC_MSGSEND = YES;
				GCC_C_LANGUAGE_STANDARD = gnu11;
				GCC_NO_COMMON_BLOCKS = YES;
				GCC_WARN_64_TO_32_BIT_CONVERSION = YES;
				GCC_WARN_ABOUT_RETURN_TYPE = YES_ERROR;
				GCC_WARN_UNDECLARED_SELECTOR = YES;
				GCC_WARN_UNINITIALIZED_AUTOS = YES_AGGRESSIVE;
				GCC_WARN_UNUSED_FUNCTION = YES;
				GCC_WARN_UNUSED_VARIABLE = YES;
				MTL_ENABLE_DEBUG_INFO = NO;
				MTL_FAST_MATH = YES;
				SWIFT_COMPILATION_MODE = wholemodule;
				SWIFT_OPTIMIZATION_LEVEL = "-O";
			};
			name = Release;
		};
		769FC4A02A5810410004A355 /* Debug */ = {
			isa = XCBuildConfiguration;
			buildSettings = {
				ASSETCATALOG_COMPILER_APPICON_NAME = AppIcon;
				ASSETCATALOG_COMPILER_GLOBAL_ACCENT_COLOR_NAME = AccentColor;
				CODE_SIGN_ENTITLEMENTS = Scrumdinger/Scrumdinger.entitlements;
				CODE_SIGN_STYLE = Automatic;
				CURRENT_PROJECT_VERSION = 1;
				DEVELOPMENT_ASSET_PATHS = "\"Scrumdinger/Preview Content\"";
				ENABLE_PREVIEWS = YES;
				GENERATE_INFOPLIST_FILE = YES;
				INFOPLIST_KEY_NSMicrophoneUsageDescription = "Audio is recorded to transcribe the meeting. Audio recordings are discarded after transcription.";
				INFOPLIST_KEY_NSSpeechRecognitionUsageDescription = "You can view a text transcription of your meeting in the app.";
				"INFOPLIST_KEY_UIApplicationSceneManifest_Generation[sdk=iphoneos*]" = YES;
				"INFOPLIST_KEY_UIApplicationSceneManifest_Generation[sdk=iphonesimulator*]" = YES;
				"INFOPLIST_KEY_UIApplicationSupportsIndirectInputEvents[sdk=iphoneos*]" = YES;
				"INFOPLIST_KEY_UIApplicationSupportsIndirectInputEvents[sdk=iphonesimulator*]" = YES;
				"INFOPLIST_KEY_UILaunchScreen_Generation[sdk=iphoneos*]" = YES;
				"INFOPLIST_KEY_UILaunchScreen_Generation[sdk=iphonesimulator*]" = YES;
				"INFOPLIST_KEY_UIStatusBarStyle[sdk=iphoneos*]" = UIStatusBarStyleDefault;
				"INFOPLIST_KEY_UIStatusBarStyle[sdk=iphonesimulator*]" = UIStatusBarStyleDefault;
				INFOPLIST_KEY_UISupportedInterfaceOrientations_iPad = "UIInterfaceOrientationPortrait UIInterfaceOrientationPortraitUpsideDown UIInterfaceOrientationLandscapeLeft UIInterfaceOrientationLandscapeRight";
				INFOPLIST_KEY_UISupportedInterfaceOrientations_iPhone = "UIInterfaceOrientationPortrait UIInterfaceOrientationLandscapeLeft UIInterfaceOrientationLandscapeRight";
				IPHONEOS_DEPLOYMENT_TARGET = 16.4;
				LD_RUNPATH_SEARCH_PATHS = "@executable_path/Frameworks";
				"LD_RUNPATH_SEARCH_PATHS[sdk=macosx*]" = "@executable_path/../Frameworks";
				MACOSX_DEPLOYMENT_TARGET = 13.2;
				MARKETING_VERSION = 1.0;
				PRODUCT_BUNDLE_IDENTIFIER = com.example.Scrumdinger;
				PRODUCT_NAME = "$(TARGET_NAME)";
				SDKROOT = auto;
				SUPPORTED_PLATFORMS = "iphoneos iphonesimulator macosx";
				SWIFT_EMIT_LOC_STRINGS = YES;
				SWIFT_VERSION = 5.0;
				TARGETED_DEVICE_FAMILY = "1,2";
			};
			name = Debug;
		};
		769FC4A12A5810410004A355 /* Release */ = {
			isa = XCBuildConfiguration;
			buildSettings = {
				ASSETCATALOG_COMPILER_APPICON_NAME = AppIcon;
				ASSETCATALOG_COMPILER_GLOBAL_ACCENT_COLOR_NAME = AccentColor;
				CODE_SIGN_ENTITLEMENTS = Scrumdinger/Scrumdinger.entitlements;
				CODE_SIGN_STYLE = Automatic;
				CURRENT_PROJECT_VERSION = 1;
				DEVELOPMENT_ASSET_PATHS = "\"Scrumdinger/Preview Content\"";
				ENABLE_PREVIEWS = YES;
				GENERATE_INFOPLIST_FILE = YES;
				INFOPLIST_KEY_NSMicrophoneUsageDescription = "Audio is recorded to transcribe the meeting. Audio recordings are discarded after transcription.";
				INFOPLIST_KEY_NSSpeechRecognitionUsageDescription = "You can view a text transcription of your meeting in the app.";
				"INFOPLIST_KEY_UIApplicationSceneManifest_Generation[sdk=iphoneos*]" = YES;
				"INFOPLIST_KEY_UIApplicationSceneManifest_Generation[sdk=iphonesimulator*]" = YES;
				"INFOPLIST_KEY_UIApplicationSupportsIndirectInputEvents[sdk=iphoneos*]" = YES;
				"INFOPLIST_KEY_UIApplicationSupportsIndirectInputEvents[sdk=iphonesimulator*]" = YES;
				"INFOPLIST_KEY_UILaunchScreen_Generation[sdk=iphoneos*]" = YES;
				"INFOPLIST_KEY_UILaunchScreen_Generation[sdk=iphonesimulator*]" = YES;
				"INFOPLIST_KEY_UIStatusBarStyle[sdk=iphoneos*]" = UIStatusBarStyleDefault;
				"INFOPLIST_KEY_UIStatusBarStyle[sdk=iphonesimulator*]" = UIStatusBarStyleDefault;
				INFOPLIST_KEY_UISupportedInterfaceOrientations_iPad = "UIInterfaceOrientationPortrait UIInterfaceOrientationPortraitUpsideDown UIInterfaceOrientationLandscapeLeft UIInterfaceOrientationLandscapeRight";
				INFOPLIST_KEY_UISupportedInterfaceOrientations_iPhone = "UIInterfaceOrientationPortrait UIInterfaceOrientationLandscapeLeft UIInterfaceOrientationLandscapeRight";
				IPHONEOS_DEPLOYMENT_TARGET = 16.4;
				LD_RUNPATH_SEARCH_PATHS = "@executable_path/Frameworks";
				"LD_RUNPATH_SEARCH_PATHS[sdk=macosx*]" = "@executable_path/../Frameworks";
				MACOSX_DEPLOYMENT_TARGET = 13.2;
				MARKETING_VERSION = 1.0;
				PRODUCT_BUNDLE_IDENTIFIER = com.example.Scrumdinger;
				PRODUCT_NAME = "$(TARGET_NAME)";
				SDKROOT = auto;
				SUPPORTED_PLATFORMS = "iphoneos iphonesimulator macosx";
				SWIFT_EMIT_LOC_STRINGS = YES;
				SWIFT_VERSION = 5.0;
				TARGETED_DEVICE_FAMILY = "1,2";
			};
			name = Release;
		};
/* End XCBuildConfiguration section */

/* Begin XCConfigurationList section */
		769FC48B2A58103F0004A355 /* Build configuration list for PBXProject "Scrumdinger" */ = {
			isa = XCConfigurationList;
			buildConfigurations = (
				769FC49D2A5810410004A355 /* Debug */,
				769FC49E2A5810410004A355 /* Release */,
			);
			defaultConfigurationIsVisible = 0;
			defaultConfigurationName = Release;
		};
		769FC49F2A5810410004A355 /* Build configuration list for PBXNativeTarget "Scrumdinger" */ = {
			isa = XCConfigurationList;
			buildConfigurations = (
				769FC4A02A5810410004A355 /* Debug */,
				769FC4A12A5810410004A355 /* Release */,
			);
			defaultConfigurationIsVisible = 0;
			defaultConfigurationName = Release;
		};
/* End XCConfigurationList section */
	};
	rootObject = 769FC4882A58103F0004A355 /* Project object */;
}
